PODS:
  - GoogleSignIn (4.4.0):
    - "GoogleToolboxForMac/NSDictionary+URLArguments (~> 2.1)"
    - "GoogleToolboxForMac/NSString+URLArguments (~> 2.1)"
    - GTMSessionFetcher/Core (~> 1.1)
  - GoogleToolboxForMac/DebugUtils (2.2.1):
    - GoogleToolboxForMac/Defines (= 2.2.1)
  - GoogleToolboxForMac/Defines (2.2.1)
  - "GoogleToolboxForMac/NSDictionary+URLArguments (2.2.1)":
    - GoogleToolboxForMac/DebugUtils (= 2.2.1)
    - GoogleToolboxForMac/Defines (= 2.2.1)
    - "GoogleToolboxForMac/NSString+URLArguments (= 2.2.1)"
  - "GoogleToolboxForMac/NSString+URLArguments (2.2.1)"
  - GTMSessionFetcher/Core (1.2.2)
  - React (0.59.9):
    - React/Core (= 0.59.9)
  - react-native-camera (2.10.1):
    - React
    - react-native-camera/RCT (= 2.10.1)
    - react-native-camera/RN (= 2.10.1)
  - react-native-camera/RCT (2.10.1):
    - React
  - react-native-camera/RN (2.10.1):
    - React
  - react-native-cookies (3.2.0):
    - React
  - react-native-sqlite-storage (3.3.10):
    - React
  - react-native-webview (5.11.0):
    - React
  - React/Core (0.59.9):
    - yoga (= 0.59.9.React)
  - React/RCTImage (0.59.9):
    - React/Core
    - React/RCTNetwork
  - React/RCTNetwork (0.59.9):
    - React/Core
  - ReactNativeNavigation (2.21.0):
    - React
  - RNDeviceInfo (2.1.1):
    - React
  - RNGoogleSignin (2.0.0):
    - GoogleSignIn (~> 4.4.0)
    - React
  - RNKeychain (3.1.3):
    - React
  - RNSound (0.10.12):
    - React/Core
    - RNSound/Core (= 0.10.12)
  - RNSound/Core (0.10.12):
    - React/Core
  - RNSVG (9.4.0):
    - React
  - Sentry (4.1.3):
    - Sentry/Core (= 4.1.3)
  - Sentry/Core (4.1.3)
  - SentryReactNative (0.43.1):
    - React
    - Sentry (~> 4.1.3)
  - yoga (0.59.9.React)

DEPENDENCIES:
  - GoogleSignIn
  - react-native-camera (from `../node_modules/react-native-camera`)
  - react-native-cookies (from `../node_modules/react-native-cookies/ios`)
  - react-native-sqlite-storage (from `../node_modules/react-native-sqlite-storage`)
  - react-native-webview (from `../node_modules/react-native-webview`)
  - React/RCTImage (from `../node_modules/react-native`)
  - ReactNativeNavigation (from `../node_modules/react-native-navigation`)
  - RNDeviceInfo (from `../node_modules/react-native-device-info`)
  - RNGoogleSignin (from `../node_modules/react-native-google-signin`)
  - RNKeychain (from `../node_modules/react-native-keychain`)
  - RNSound (from `../node_modules/react-native-sound`)
  - RNSVG (from `../node_modules/react-native-svg`)
  - SentryReactNative (from `../node_modules/react-native-sentry`)
  - yoga (from `../node_modules/react-native/ReactCommon/yoga`)

SPEC REPOS:
  https://github.com/cocoapods/specs.git:
    - GoogleSignIn
    - GoogleToolboxForMac
    - GTMSessionFetcher
    - Sentry

EXTERNAL SOURCES:
  React:
    :path: "../node_modules/react-native"
  react-native-camera:
    :path: "../node_modules/react-native-camera"
  react-native-cookies:
    :path: "../node_modules/react-native-cookies/ios"
  react-native-sqlite-storage:
    :path: "../node_modules/react-native-sqlite-storage"
  react-native-webview:
    :path: "../node_modules/react-native-webview"
  ReactNativeNavigation:
    :path: "../node_modules/react-native-navigation"
  RNDeviceInfo:
    :path: "../node_modules/react-native-device-info"
  RNGoogleSignin:
    :path: "../node_modules/react-native-google-signin"
  RNKeychain:
    :path: "../node_modules/react-native-keychain"
  RNSound:
    :path: "../node_modules/react-native-sound"
  RNSVG:
    :path: "../node_modules/react-native-svg"
  SentryReactNative:
    :path: "../node_modules/react-native-sentry"
  yoga:
    :path: "../node_modules/react-native/ReactCommon/yoga"

SPEC CHECKSUMS:
  GoogleSignIn: 7ff245e1a7b26d379099d3243a562f5747e23d39
  GoogleToolboxForMac: b3553629623a3b1bff17f555e736cd5a6d95ad55
  GTMSessionFetcher: 61bb0f61a4cb560030f1222021178008a5727a23
  React: a86b92f00edbe1873a63e4a212c29b7a7ad5224f
  react-native-camera: 702c01e2ebbe26c9fb1ad24101282fbb26e9e00b
  react-native-cookies: 854d59c4135c70b92a02ca4930e68e4e2eb58150
  react-native-sqlite-storage: dba8e864e9a76f1aae6ddb5e7d0dc330d59f4bb3
  react-native-webview: d388bd8c7f3499640feb60f776b4c89f9c069961
  ReactNativeNavigation: 6113c2504bfe0735ee91bb768c4b29f8f008b20e
  RNDeviceInfo: 1399caa42e1d89ef1c100200d20114e0b98d7af7
  RNGoogleSignin: d030c6c6591db24c3cee649f64c7babf0a1699a0
  RNKeychain: c658833a9cb2cbcba6423bdd6e16cce59e27da0e
  RNSound: a1d01988e043aed5dbb476c2152b5ffb02446750
  RNSVG: 9cb6e958c4b6a1f58185ac72a350b148947d6fed
  Sentry: 4e8a17b61ddd116f89536cc81d567fdee1ebca96
  SentryReactNative: 227e4ec6f3f1d4e0eac65a4657256cce7b6ef497
  yoga: 03ff42a6f223fb88deeaed60249020d80c3091ee

PODFILE CHECKSUM: 98c5556ef7ca69ab37c96072f61cfeb6ab7be958

COCOAPODS: 1.7.0.beta.3
